// !$*UTF8*$!
{
	archiveVersion = 1;
	classes = {
	};
	objectVersion = 77;
	objects = {

/* Begin PBXBuildFile section */
		0D698E84372EB2D17BED18C4 /* SQLiteDriverTests.swift in Sources */ = {isa = PBXBuildFile; fileRef = 6CE6244D154D9AE1A9FF5C1F /* SQLiteDriverTests.swift */; };
		0FCDB164AF7904F55103F0DC /* SQLValue.swift in Sources */ = {isa = PBXBuildFile; fileRef = 77D7BF7F5EFE1A9C7C976A6E /* SQLValue.swift */; };
		1274F8DDC32158AB12F74905 /* MutationBuilder.swift in Sources */ = {isa = PBXBuildFile; fileRef = 4483D1EC9D4B9D42153F82C3 /* MutationBuilder.swift */; };
		15B5AE3BEB9345052F9A5277 /* Statement.swift in Sources */ = {isa = PBXBuildFile; fileRef = 86D74FC37FBADD3EF509342D /* Statement.swift */; };
		171847AE3C1A6AB9FDD7E2F2 /* SQLiteDriver.swift in Sources */ = {isa = PBXBuildFile; fileRef = 3B32ED3CAB7734C8ECC820DB /* SQLiteDriver.swift */; };
		1ADFB332B41C1C116F317BF3 /* QueryLimits.swift in Sources */ = {isa = PBXBuildFile; fileRef = C829B717882B434135A8684C /* QueryLimits.swift */; };
		20EFD6FA78520661D56C61B2 /* DatabaseDriver.swift in Sources */ = {isa = PBXBuildFile; fileRef = 62797E09F90830622EBC5437 /* DatabaseDriver.swift */; };
		2A7E7C4101F04E08A4D8B180 /* ConnectionRuntimeSecretResolver.swift in Sources */ = {isa = PBXBuildFile; fileRef = 2A7E7C4001F04E08A4D8B180 /* ConnectionRuntimeSecretResolver.swift */; };
		2A7E7C4301F04E08A4D8B180 /* MySQLPrivileges.swift in Sources */ = {isa = PBXBuildFile; fileRef = 2A7E7C4201F04E08A4D8B180 /* MySQLPrivileges.swift */; };
		2A7E7C4501F04E08A4D8B180 /* MySQLAdministration.swift in Sources */ = {isa = PBXBuildFile; fileRef = 2A7E7C4401F04E08A4D8B180 /* MySQLAdministration.swift */; };
		2A7E7C4701F04E08A4D8B180 /* DataTransfer.swift in Sources */ = {isa = PBXBuildFile; fileRef = 2A7E7C4601F04E08A4D8B180 /* DataTransfer.swift */; };
		2A7E7C4901F04E08A4D8B180 /* SQLFavoriteSnippets.swift in Sources */ = {isa = PBXBuildFile; fileRef = 2A7E7C4801F04E08A4D8B180 /* SQLFavoriteSnippets.swift */; };
		2DAB4D802F49699F9323B77F /* CloudKitSyncMonitor in Frameworks */ = {isa = PBXBuildFile; productRef = DBC0FFEE00000006 /* CloudKitSyncMonitor */; };
		357643C6BDC1C9A1F5B0964A /* RowMutation.swift in Sources */ = {isa = PBXBuildFile; fileRef = 6A0D3964A648811FA59F9535 /* RowMutation.swift */; };
		5621537EB341DDA6F2FF478F /* Cocoa.framework in Frameworks */ = {isa = PBXBuildFile; fileRef = 749DDC4B5BB6821FBA93018A /* Cocoa.framework */; };
		7E4614A5BFE5855B67020A8F /* PredicateBuilder.swift in Sources */ = {isa = PBXBuildFile; fileRef = 4363D64E0E410F02BB8A2E71 /* PredicateBuilder.swift */; };
		8020EB9EEDE9A0BF70397FE4 /* MutationBuilderTests.swift in Sources */ = {isa = PBXBuildFile; fileRef = 949291B46B48D649AE2EF9BF /* MutationBuilderTests.swift */; };
		9EF7320BEF6D68E3AC9D6E8A /* SchemaAdmin.swift in Sources */ = {isa = PBXBuildFile; fileRef = FCAF3F217B56DE333183C94A /* SchemaAdmin.swift */; };
		A0805BCDD6AC9AB9F755BD4B /* SQLiteDriver+Schema.swift in Sources */ = {isa = PBXBuildFile; fileRef = B27C05E8A43FF8690446B8DC /* SQLiteDriver+Schema.swift */; };
		A11CE0010000000000000001 /* MonitorRule.swift in Sources */ = {isa = PBXBuildFile; fileRef = A11CE0010000000000000002 /* MonitorRule.swift */; };
		A35DC6B1B0D1BF79536100A6 /* SQLIdentifier.swift in Sources */ = {isa = PBXBuildFile; fileRef = 61EAF479CB1543034FD5A4E1 /* SQLIdentifier.swift */; };
		B786928654AC56020E101991 /* PredicateBuilderTests.swift in Sources */ = {isa = PBXBuildFile; fileRef = CB0036D0C5F50ED9A489A930 /* PredicateBuilderTests.swift */; };
		C2CDC6908277F8C44709D920 /* Descriptors.swift in Sources */ = {isa = PBXBuildFile; fileRef = 0E5DCC49BCEFB025CA8010D2 /* Descriptors.swift */; };
		C60E4CF51AB6247BF7FCAE38 /* RowFilter.swift in Sources */ = {isa = PBXBuildFile; fileRef = E2C1B8E9B54EE777A0377C94 /* RowFilter.swift */; };
		D9BBD4666C3D75135E4F34AE /* TestSupport.swift in Sources */ = {isa = PBXBuildFile; fileRef = 53005BF02B9F4B480BB49EEE /* TestSupport.swift */; };
		DBC0FFEE00000001 /* PostgresNIO in Frameworks */ = {isa = PBXBuildFile; productRef = DBC0FFEE00000003 /* PostgresNIO */; };
		DBC0FFEE00000004 /* CloudKitSyncMonitor in Frameworks */ = {isa = PBXBuildFile; productRef = DBC0FFEE00000006 /* CloudKitSyncMonitor */; };
		DBC0FFEE00000007 /* MySQLNIO in Frameworks */ = {isa = PBXBuildFile; productRef = DBC0FFEE00000009 /* MySQLNIO */; };
		DBC0FFEE10000001 /* DB Connect Widgets.appex in Embed Foundation Extensions */ = {isa = PBXBuildFile; fileRef = DBC0FFEE10000002 /* DB Connect Widgets.appex */; settings = {ATTRIBUTES = (RemoveHeadersOnCopy, ); }; };
		E39C3D2502C447F5A9E2F220 /* RDSIAMAuthToken.swift in Sources */ = {isa = PBXBuildFile; fileRef = E39C3D2402C447F5A9E2F220 /* RDSIAMAuthToken.swift */; };
		F7CB3A8737599AF5C9BE2994 /* DatabaseUser.swift in Sources */ = {isa = PBXBuildFile; fileRef = 11085DF1B1E6FAEF6989B254 /* DatabaseUser.swift */; };
		FAV0B1C2D3E4F50617283940 /* FavoriteOrganizationTests.swift in Sources */ = {isa = PBXBuildFile; fileRef = FAV0B1C2D3E4F50617283941 /* FavoriteOrganizationTests.swift */; };
		FAV0B1C2D3E4F50617283942 /* FavoriteOrganization.swift in Sources */ = {isa = PBXBuildFile; fileRef = FAV0B1C2D3E4F50617283943 /* FavoriteOrganization.swift */; };
		LST00000000000000000002 /* MacLauncherState.swift in Sources */ = {isa = PBXBuildFile; fileRef = LST00000000000000000001 /* MacLauncherState.swift */; };
		VLT00000000000000000001 /* VaultAuthentication.swift in Sources */ = {isa = PBXBuildFile; fileRef = VLT00000000000000000011 /* VaultAuthentication.swift */; };
		VLT00000000000000000002 /* VaultHTTPClient.swift in Sources */ = {isa = PBXBuildFile; fileRef = VLT00000000000000000012 /* VaultHTTPClient.swift */; };
		VLT00000000000000000003 /* VaultTokenKeychainStore.swift in Sources */ = {isa = PBXBuildFile; fileRef = VLT00000000000000000013 /* VaultTokenKeychainStore.swift */; };
		VLT00000000000000000004 /* VaultAuthenticationTests.swift in Sources */ = {isa = PBXBuildFile; fileRef = VLT00000000000000000014 /* VaultAuthenticationTests.swift */; };
/* End PBXBuildFile section */

/* Begin PBXContainerItemProxy section */
		DBC0FFEE1000000C /* PBXContainerItemProxy */ = {
			isa = PBXContainerItemProxy;
			containerPortal = 4893A07D300E5732006E4110 /* Project object */;
			proxyType = 1;
			remoteGlobalIDString = DBC0FFEE10000007;
			remoteInfo = "DB Connect Widgets";
		};
/* End PBXContainerItemProxy section */

/* Begin PBXCopyFilesBuildPhase section */
		DBC0FFEE1000000B /* Embed Foundation Extensions */ = {
			isa = PBXCopyFilesBuildPhase;
			buildActionMask = 2147483647;
			dstPath = "";
			dstSubfolderSpec = 13;
			files = (
				DBC0FFEE10000001 /* DB Connect Widgets.appex in Embed Foundation Extensions */,
			);
			name = "Embed Foundation Extensions";
			runOnlyForDeploymentPostprocessing = 0;
		};
/* End PBXCopyFilesBuildPhase section */

/* Begin PBXFileReference section */
		0E5DCC49BCEFB025CA8010D2 /* Descriptors.swift */ = {isa = PBXFileReference; includeInIndex = 1; lastKnownFileType = sourcecode.swift; name = Descriptors.swift; path = "DB Connect/Core/Descriptors.swift"; sourceTree = "<group>"; };
		11085DF1B1E6FAEF6989B254 /* DatabaseUser.swift */ = {isa = PBXFileReference; includeInIndex = 1; lastKnownFileType = sourcecode.swift; name = DatabaseUser.swift; path = "DB Connect/Core/DatabaseUser.swift"; sourceTree = "<group>"; };
		2A7E7C4001F04E08A4D8B180 /* ConnectionRuntimeSecretResolver.swift */ = {isa = PBXFileReference; includeInIndex = 1; lastKnownFileType = sourcecode.swift; name = ConnectionRuntimeSecretResolver.swift; path = "DB Connect/Core/ConnectionRuntimeSecretResolver.swift"; sourceTree = "<group>"; };
		2A7E7C4201F04E08A4D8B180 /* MySQLPrivileges.swift */ = {isa = PBXFileReference; includeInIndex = 1; lastKnownFileType = sourcecode.swift; name = MySQLPrivileges.swift; path = "DB Connect/Core/MySQLPrivileges.swift"; sourceTree = "<group>"; };
		2A7E7C4401F04E08A4D8B180 /* MySQLAdministration.swift */ = {isa = PBXFileReference; includeInIndex = 1; lastKnownFileType = sourcecode.swift; name = MySQLAdministration.swift; path = "DB Connect/Core/MySQLAdministration.swift"; sourceTree = "<group>"; };
		2A7E7C4601F04E08A4D8B180 /* DataTransfer.swift */ = {isa = PBXFileReference; includeInIndex = 1; lastKnownFileType = sourcecode.swift; name = DataTransfer.swift; path = "DB Connect/Core/DataTransfer.swift"; sourceTree = "<group>"; };
		2A7E7C4801F04E08A4D8B180 /* SQLFavoriteSnippets.swift */ = {isa = PBXFileReference; includeInIndex = 1; lastKnownFileType = sourcecode.swift; name = SQLFavoriteSnippets.swift; path = "DB Connect/Core/SQLFavoriteSnippets.swift"; sourceTree = "<group>"; };
		3B32ED3CAB7734C8ECC820DB /* SQLiteDriver.swift */ = {isa = PBXFileReference; includeInIndex = 1; lastKnownFileType = sourcecode.swift; name = SQLiteDriver.swift; path = "DB Connect/Drivers/SQLiteDriver.swift"; sourceTree = "<group>"; };
		4363D64E0E410F02BB8A2E71 /* PredicateBuilder.swift */ = {isa = PBXFileReference; includeInIndex = 1; lastKnownFileType = sourcecode.swift; name = PredicateBuilder.swift; path = "DB Connect/Core/PredicateBuilder.swift"; sourceTree = "<group>"; };
		4483D1EC9D4B9D42153F82C3 /* MutationBuilder.swift */ = {isa = PBXFileReference; includeInIndex = 1; lastKnownFileType = sourcecode.swift; name = MutationBuilder.swift; path = "DB Connect/Core/MutationBuilder.swift"; sourceTree = "<group>"; };
		4893A085300E5732006E4110 /* DB Connect.app */ = {isa = PBXFileReference; explicitFileType = wrapper.application; includeInIndex = 0; path = "DB Connect.app"; sourceTree = BUILT_PRODUCTS_DIR; };
		53005BF02B9F4B480BB49EEE /* TestSupport.swift */ = {isa = PBXFileReference; includeInIndex = 1; lastKnownFileType = sourcecode.swift; path = TestSupport.swift; sourceTree = "<group>"; };
		61EAF479CB1543034FD5A4E1 /* SQLIdentifier.swift */ = {isa = PBXFileReference; includeInIndex = 1; lastKnownFileType = sourcecode.swift; name = SQLIdentifier.swift; path = "DB Connect/Core/SQLIdentifier.swift"; sourceTree = "<group>"; };
		62797E09F90830622EBC5437 /* DatabaseDriver.swift */ = {isa = PBXFileReference; includeInIndex = 1; lastKnownFileType = sourcecode.swift; name = DatabaseDriver.swift; path = "DB Connect/Core/DatabaseDriver.swift"; sourceTree = "<group>"; };
		6A0D3964A648811FA59F9535 /* RowMutation.swift */ = {isa = PBXFileReference; includeInIndex = 1; lastKnownFileType = sourcecode.swift; name = RowMutation.swift; path = "DB Connect/Core/RowMutation.swift"; sourceTree = "<group>"; };
		6CE6244D154D9AE1A9FF5C1F /* SQLiteDriverTests.swift */ = {isa = PBXFileReference; includeInIndex = 1; lastKnownFileType = sourcecode.swift; path = SQLiteDriverTests.swift; sourceTree = "<group>"; };
		72D5B057D2B7E04B6AE3286E /* DB ConnectTests.xctest */ = {isa = PBXFileReference; explicitFileType = wrapper.cfbundle; includeInIndex = 0; path = "DB ConnectTests.xctest"; sourceTree = BUILT_PRODUCTS_DIR; };
		749DDC4B5BB6821FBA93018A /* Cocoa.framework */ = {isa = PBXFileReference; lastKnownFileType = wrapper.framework; name = Cocoa.framework; path = Platforms/MacOSX.platform/Developer/SDKs/MacOSX15.0.sdk/System/Library/Frameworks/Cocoa.framework; sourceTree = DEVELOPER_DIR; };
		77D7BF7F5EFE1A9C7C976A6E /* SQLValue.swift */ = {isa = PBXFileReference; includeInIndex = 1; lastKnownFileType = sourcecode.swift; name = SQLValue.swift; path = "DB Connect/Core/SQLValue.swift"; sourceTree = "<group>"; };
		86D74FC37FBADD3EF509342D /* Statement.swift */ = {isa = PBXFileReference; includeInIndex = 1; lastKnownFileType = sourcecode.swift; name = Statement.swift; path = "DB Connect/Core/Statement.swift"; sourceTree = "<group>"; };
		949291B46B48D649AE2EF9BF /* MutationBuilderTests.swift */ = {isa = PBXFileReference; includeInIndex = 1; lastKnownFileType = sourcecode.swift; path = MutationBuilderTests.swift; sourceTree = "<group>"; };
		A11CE0010000000000000002 /* MonitorRule.swift */ = {isa = PBXFileReference; includeInIndex = 1; lastKnownFileType = sourcecode.swift; name = MonitorRule.swift; path = "DB Connect/Core/MonitorRule.swift"; sourceTree = "<group>"; };
		B27C05E8A43FF8690446B8DC /* SQLiteDriver+Schema.swift */ = {isa = PBXFileReference; includeInIndex = 1; lastKnownFileType = sourcecode.swift; name = "SQLiteDriver+Schema.swift"; path = "DB Connect/Drivers/SQLiteDriver+Schema.swift"; sourceTree = "<group>"; };
		C829B717882B434135A8684C /* QueryLimits.swift */ = {isa = PBXFileReference; includeInIndex = 1; lastKnownFileType = sourcecode.swift; name = QueryLimits.swift; path = "DB Connect/Core/QueryLimits.swift"; sourceTree = "<group>"; };
		CB0036D0C5F50ED9A489A930 /* PredicateBuilderTests.swift */ = {isa = PBXFileReference; includeInIndex = 1; lastKnownFileType = sourcecode.swift; path = PredicateBuilderTests.swift; sourceTree = "<group>"; };
		DBC0FFEE10000002 /* DB Connect Widgets.appex */ = {isa = PBXFileReference; explicitFileType = "wrapper.app-extension"; includeInIndex = 0; path = "DB Connect Widgets.appex"; sourceTree = BUILT_PRODUCTS_DIR; };
		E2C1B8E9B54EE777A0377C94 /* RowFilter.swift */ = {isa = PBXFileReference; includeInIndex = 1; lastKnownFileType = sourcecode.swift; name = RowFilter.swift; path = "DB Connect/Core/RowFilter.swift"; sourceTree = "<group>"; };
		E39C3D2402C447F5A9E2F220 /* RDSIAMAuthToken.swift */ = {isa = PBXFileReference; includeInIndex = 1; lastKnownFileType = sourcecode.swift; name = RDSIAMAuthToken.swift; path = "DB Connect/Core/RDSIAMAuthToken.swift"; sourceTree = "<group>"; };
		FAV0B1C2D3E4F50617283941 /* FavoriteOrganizationTests.swift */ = {isa = PBXFileReference; includeInIndex = 1; lastKnownFileType = sourcecode.swift; path = FavoriteOrganizationTests.swift; sourceTree = "<group>"; };
		FAV0B1C2D3E4F50617283943 /* FavoriteOrganization.swift */ = {isa = PBXFileReference; includeInIndex = 1; lastKnownFileType = sourcecode.swift; name = FavoriteOrganization.swift; path = "DB Connect/Models/FavoriteOrganization.swift"; sourceTree = "<group>"; };
		FCAF3F217B56DE333183C94A /* SchemaAdmin.swift */ = {isa = PBXFileReference; includeInIndex = 1; lastKnownFileType = sourcecode.swift; name = SchemaAdmin.swift; path = "DB Connect/Core/SchemaAdmin.swift"; sourceTree = "<group>"; };
		LST00000000000000000001 /* MacLauncherState.swift */ = {isa = PBXFileReference; includeInIndex = 1; lastKnownFileType = sourcecode.swift; name = MacLauncherState.swift; path = "DB Connect/Core/MacLauncherState.swift"; sourceTree = "<group>"; };
		VLT00000000000000000011 /* VaultAuthentication.swift */ = {isa = PBXFileReference; includeInIndex = 1; lastKnownFileType = sourcecode.swift; name = VaultAuthentication.swift; path = "DB Connect/Core/VaultAuthentication.swift"; sourceTree = "<group>"; };
		VLT00000000000000000012 /* VaultHTTPClient.swift */ = {isa = PBXFileReference; includeInIndex = 1; lastKnownFileType = sourcecode.swift; name = VaultHTTPClient.swift; path = "DB Connect/Core/VaultHTTPClient.swift"; sourceTree = "<group>"; };
		VLT00000000000000000013 /* VaultTokenKeychainStore.swift */ = {isa = PBXFileReference; includeInIndex = 1; lastKnownFileType = sourcecode.swift; name = VaultTokenKeychainStore.swift; path = "DB Connect/Secrets/VaultTokenKeychainStore.swift"; sourceTree = "<group>"; };
		VLT00000000000000000014 /* VaultAuthenticationTests.swift */ = {isa = PBXFileReference; includeInIndex = 1; lastKnownFileType = sourcecode.swift; path = VaultAuthenticationTests.swift; sourceTree = "<group>"; };
/* End PBXFileReference section */

/* Begin PBXFileSystemSynchronizedBuildFileExceptionSet section */
		DBC0FFEE1000000E /* Exceptions for "DB Connect Widgets" folder in "DB Connect Widgets" target */ = {
			isa = PBXFileSystemSynchronizedBuildFileExceptionSet;
			membershipExceptions = (
				Info.plist,
			);
			target = DBC0FFEE10000007 /* DB Connect Widgets */;
		};
/* End PBXFileSystemSynchronizedBuildFileExceptionSet section */

/* Begin PBXFileSystemSynchronizedRootGroup section */
		4893A087300E5732006E4110 /* DB Connect */ = {
			isa = PBXFileSystemSynchronizedRootGroup;
			path = "DB Connect";
			sourceTree = "<group>";
		};
		DBC0FFEE10000003 /* DB Connect Widgets */ = {
			isa = PBXFileSystemSynchronizedRootGroup;
			exceptions = (
				DBC0FFEE1000000E /* Exceptions for "DB Connect Widgets" folder in "DB Connect Widgets" target */,
			);
			path = "DB Connect Widgets";
			sourceTree = "<group>";
		};
/* End PBXFileSystemSynchronizedRootGroup section */

/* Begin PBXFrameworksBuildPhase section */
		3CD2D9237B72ED44F6B8E027 /* Frameworks */ = {
			isa = PBXFrameworksBuildPhase;
			buildActionMask = 2147483647;
			files = (
				5621537EB341DDA6F2FF478F /* Cocoa.framework in Frameworks */,
				2DAB4D802F49699F9323B77F /* CloudKitSyncMonitor in Frameworks */,
			);
			runOnlyForDeploymentPostprocessing = 0;
		};
		4893A082300E5732006E4110 /* Frameworks */ = {
			isa = PBXFrameworksBuildPhase;
			buildActionMask = 2147483647;
			files = (
				DBC0FFEE00000001 /* PostgresNIO in Frameworks */,
				DBC0FFEE00000004 /* CloudKitSyncMonitor in Frameworks */,
				DBC0FFEE00000007 /* MySQLNIO in Frameworks */,
			);
			runOnlyForDeploymentPostprocessing = 0;
		};
		DBC0FFEE10000004 /* Frameworks */ = {
			isa = PBXFrameworksBuildPhase;
			buildActionMask = 2147483647;
			files = (
			);
			runOnlyForDeploymentPostprocessing = 0;
		};
/* End PBXFrameworksBuildPhase section */

/* Begin PBXGroup section */
		2DBE717DBAAEC53B117A60E9 /* DB Connect Test Sources */ = {
			isa = PBXGroup;
			children = (
				LST00000000000000000001 /* MacLauncherState.swift */,
				2A7E7C4001F04E08A4D8B180 /* ConnectionRuntimeSecretResolver.swift */,
				VLT00000000000000000011 /* VaultAuthentication.swift */,
				VLT00000000000000000012 /* VaultHTTPClient.swift */,
				VLT00000000000000000013 /* VaultTokenKeychainStore.swift */,
				2A7E7C4601F04E08A4D8B180 /* DataTransfer.swift */,
				2A7E7C4401F04E08A4D8B180 /* MySQLAdministration.swift */,
				2A7E7C4201F04E08A4D8B180 /* MySQLPrivileges.swift */,
				62797E09F90830622EBC5437 /* DatabaseDriver.swift */,
				11085DF1B1E6FAEF6989B254 /* DatabaseUser.swift */,
				0E5DCC49BCEFB025CA8010D2 /* Descriptors.swift */,
				4483D1EC9D4B9D42153F82C3 /* MutationBuilder.swift */,
				4363D64E0E410F02BB8A2E71 /* PredicateBuilder.swift */,
				C829B717882B434135A8684C /* QueryLimits.swift */,
				E2C1B8E9B54EE777A0377C94 /* RowFilter.swift */,
				6A0D3964A648811FA59F9535 /* RowMutation.swift */,
				E39C3D2402C447F5A9E2F220 /* RDSIAMAuthToken.swift */,
				61EAF479CB1543034FD5A4E1 /* SQLIdentifier.swift */,
				2A7E7C4801F04E08A4D8B180 /* SQLFavoriteSnippets.swift */,
				77D7BF7F5EFE1A9C7C976A6E /* SQLValue.swift */,
				A11CE0010000000000000002 /* MonitorRule.swift */,
				FCAF3F217B56DE333183C94A /* SchemaAdmin.swift */,
				86D74FC37FBADD3EF509342D /* Statement.swift */,
				3B32ED3CAB7734C8ECC820DB /* SQLiteDriver.swift */,
				B27C05E8A43FF8690446B8DC /* SQLiteDriver+Schema.swift */,
			);
			name = "DB Connect Test Sources";
			sourceTree = "<group>";
		};
		48268DC5306524BC0076FA35 /* Recovered References */ = {
			isa = PBXGroup;
			children = (
				FAV0B1C2D3E4F50617283943 /* FavoriteOrganization.swift */,
			);
			name = "Recovered References";
			sourceTree = "<group>";
		};
		4893A07C300E5732006E4110 = {
			isa = PBXGroup;
			children = (
				4893A087300E5732006E4110 /* DB Connect */,
				DBC0FFEE10000003 /* DB Connect Widgets */,
				4893A086300E5732006E4110 /* Products */,
				92BEF8C1032CDACC25382826 /* Frameworks */,
				ADF2CD9CE1975D1E0BDE5B64 /* DB ConnectTests */,
				2DBE717DBAAEC53B117A60E9 /* DB Connect Test Sources */,
				48268DC5306524BC0076FA35 /* Recovered References */,
			);
			sourceTree = "<group>";
		};
		4893A086300E5732006E4110 /* Products */ = {
			isa = PBXGroup;
			children = (
				4893A085300E5732006E4110 /* DB Connect.app */,
				DBC0FFEE10000002 /* DB Connect Widgets.appex */,
				72D5B057D2B7E04B6AE3286E /* DB ConnectTests.xctest */,
			);
			name = Products;
			sourceTree = "<group>";
		};
		92BEF8C1032CDACC25382826 /* Frameworks */ = {
			isa = PBXGroup;
			children = (
				ED65E5AA9ABF15C89AEE2690 /* OS X */,
			);
			name = Frameworks;
			sourceTree = "<group>";
		};
		ADF2CD9CE1975D1E0BDE5B64 /* DB ConnectTests */ = {
			isa = PBXGroup;
			children = (
				FAV0B1C2D3E4F50617283941 /* FavoriteOrganizationTests.swift */,
				949291B46B48D649AE2EF9BF /* MutationBuilderTests.swift */,
				CB0036D0C5F50ED9A489A930 /* PredicateBuilderTests.swift */,
				6CE6244D154D9AE1A9FF5C1F /* SQLiteDriverTests.swift */,
				53005BF02B9F4B480BB49EEE /* TestSupport.swift */,
				VLT00000000000000000014 /* VaultAuthenticationTests.swift */,
			);
			path = "DB ConnectTests";
			sourceTree = "<group>";
		};
		ED65E5AA9ABF15C89AEE2690 /* OS X */ = {
			isa = PBXGroup;
			children = (
				749DDC4B5BB6821FBA93018A /* Cocoa.framework */,
			);
			name = "OS X";
			sourceTree = "<group>";
		};
/* End PBXGroup section */

/* Begin PBXNativeTarget section */
		4893A084300E5732006E4110 /* DB Connect */ = {
			isa = PBXNativeTarget;
			buildConfigurationList = 4893A092300E5734006E4110 /* Build configuration list for PBXNativeTarget "DB Connect" */;
			buildPhases = (
				4893A081300E5732006E4110 /* Sources */,
				4893A082300E5732006E4110 /* Frameworks */,
				4893A083300E5732006E4110 /* Resources */,
				DBC0FFEE1000000B /* Embed Foundation Extensions */,
			);
			buildRules = (
			);
			dependencies = (
				DBC0FFEE1000000D /* PBXTargetDependency */,
			);
			fileSystemSynchronizedGroups = (
				4893A087300E5732006E4110 /* DB Connect */,
			);
			name = "DB Connect";
			packageProductDependencies = (
				DBC0FFEE00000003 /* PostgresNIO */,
				DBC0FFEE00000006 /* CloudKitSyncMonitor */,
				DBC0FFEE00000009 /* MySQLNIO */,
			);
			productName = "DB Connect";
			productReference = 4893A085300E5732006E4110 /* DB Connect.app */;
			productType = "com.apple.product-type.application";
		};
		DBC0FFEE10000007 /* DB Connect Widgets */ = {
			isa = PBXNativeTarget;
			buildConfigurationList = DBC0FFEE1000000A /* Build configuration list for PBXNativeTarget "DB Connect Widgets" */;
			buildPhases = (
				DBC0FFEE10000005 /* Sources */,
				DBC0FFEE10000004 /* Frameworks */,
				DBC0FFEE10000006 /* Resources */,
			);
			buildRules = (
			);
			dependencies = (
			);
			fileSystemSynchronizedGroups = (
				DBC0FFEE10000003 /* DB Connect Widgets */,
			);
			name = "DB Connect Widgets";
			productName = "DB Connect Widgets";
			productReference = DBC0FFEE10000002 /* DB Connect Widgets.appex */;
			productType = "com.apple.product-type.app-extension";
		};
		E4ED093D964B8856574D5D5C /* DB ConnectTests */ = {
			isa = PBXNativeTarget;
			buildConfigurationList = 881C4B83BC50A2A30C4918B5 /* Build configuration list for PBXNativeTarget "DB ConnectTests" */;
			buildPhases = (
				2E843654C393D2EBE212AC31 /* Sources */,
				3CD2D9237B72ED44F6B8E027 /* Frameworks */,
				802850527B14A345BEB78034 /* Resources */,
			);
			buildRules = (
			);
			dependencies = (
			);
			name = "DB ConnectTests";
			productName = "DB ConnectTests";
			productReference = 72D5B057D2B7E04B6AE3286E /* DB ConnectTests.xctest */;
			productType = "com.apple.product-type.bundle.unit-test";
		};
/* End PBXNativeTarget section */

/* Begin PBXProject section */
		4893A07D300E5732006E4110 /* Project object */ = {
			isa = PBXProject;
			attributes = {
				BuildIndependentTargetsInParallel = 1;
				LastSwiftUpdateCheck = 2660;
				LastUpgradeCheck = 2660;
				TargetAttributes = {
					4893A084300E5732006E4110 = {
						CreatedOnToolsVersion = 26.6;
					};
					DBC0FFEE10000007 = {
						CreatedOnToolsVersion = 26.6;
					};
				};
			};
			buildConfigurationList = 4893A080300E5732006E4110 /* Build configuration list for PBXProject "DB Connect" */;
			developmentRegion = en;
			hasScannedForEncodings = 0;
			knownRegions = (
				en,
				Base,
			);
			mainGroup = 4893A07C300E5732006E4110;
			minimizedProjectReferenceProxies = 1;
			packageReferences = (
				DBC0FFEE00000002 /* XCRemoteSwiftPackageReference "postgres-nio" */,
				DBC0FFEE00000005 /* XCRemoteSwiftPackageReference "CloudKitSyncMonitor" */,
				DBC0FFEE00000008 /* XCRemoteSwiftPackageReference "mysql-nio" */,
			);
			preferredProjectObjectVersion = 77;
			productRefGroup = 4893A086300E5732006E4110 /* Products */;
			projectDirPath = "";
			projectRoot = "";
			targets = (
				4893A084300E5732006E4110 /* DB Connect */,
				DBC0FFEE10000007 /* DB Connect Widgets */,
				E4ED093D964B8856574D5D5C /* DB ConnectTests */,
			);
		};
/* End PBXProject section */

/* Begin PBXResourcesBuildPhase section */
		4893A083300E5732006E4110 /* Resources */ = {
			isa = PBXResourcesBuildPhase;
			buildActionMask = 2147483647;
			files = (
			);
			runOnlyForDeploymentPostprocessing = 0;
		};
		802850527B14A345BEB78034 /* Resources */ = {
			isa = PBXResourcesBuildPhase;
			buildActionMask = 2147483647;
			files = (
			);
			runOnlyForDeploymentPostprocessing = 0;
		};
		DBC0FFEE10000006 /* Resources */ = {
			isa = PBXResourcesBuildPhase;
			buildActionMask = 2147483647;
			files = (
			);
			runOnlyForDeploymentPostprocessing = 0;
		};
/* End PBXResourcesBuildPhase section */

/* Begin PBXSourcesBuildPhase section */
		2E843654C393D2EBE212AC31 /* Sources */ = {
			isa = PBXSourcesBuildPhase;
			buildActionMask = 2147483647;
			files = (
				FAV0B1C2D3E4F50617283940 /* FavoriteOrganizationTests.swift in Sources */,
				FAV0B1C2D3E4F50617283942 /* FavoriteOrganization.swift in Sources */,
				LST00000000000000000002 /* MacLauncherState.swift in Sources */,
				8020EB9EEDE9A0BF70397FE4 /* MutationBuilderTests.swift in Sources */,
				B786928654AC56020E101991 /* PredicateBuilderTests.swift in Sources */,
				0D698E84372EB2D17BED18C4 /* SQLiteDriverTests.swift in Sources */,
				D9BBD4666C3D75135E4F34AE /* TestSupport.swift in Sources */,
				VLT00000000000000000004 /* VaultAuthenticationTests.swift in Sources */,
				2A7E7C4101F04E08A4D8B180 /* ConnectionRuntimeSecretResolver.swift in Sources */,
				VLT00000000000000000001 /* VaultAuthentication.swift in Sources */,
				VLT00000000000000000002 /* VaultHTTPClient.swift in Sources */,
				VLT00000000000000000003 /* VaultTokenKeychainStore.swift in Sources */,
				2A7E7C4701F04E08A4D8B180 /* DataTransfer.swift in Sources */,
				2A7E7C4501F04E08A4D8B180 /* MySQLAdministration.swift in Sources */,
				2A7E7C4301F04E08A4D8B180 /* MySQLPrivileges.swift in Sources */,
				20EFD6FA78520661D56C61B2 /* DatabaseDriver.swift in Sources */,
				F7CB3A8737599AF5C9BE2994 /* DatabaseUser.swift in Sources */,
				C2CDC6908277F8C44709D920 /* Descriptors.swift in Sources */,
				1274F8DDC32158AB12F74905 /* MutationBuilder.swift in Sources */,
				7E4614A5BFE5855B67020A8F /* PredicateBuilder.swift in Sources */,
				1ADFB332B41C1C116F317BF3 /* QueryLimits.swift in Sources */,
				C60E4CF51AB6247BF7FCAE38 /* RowFilter.swift in Sources */,
				357643C6BDC1C9A1F5B0964A /* RowMutation.swift in Sources */,
				E39C3D2502C447F5A9E2F220 /* RDSIAMAuthToken.swift in Sources */,
				A35DC6B1B0D1BF79536100A6 /* SQLIdentifier.swift in Sources */,
				2A7E7C4901F04E08A4D8B180 /* SQLFavoriteSnippets.swift in Sources */,
				0FCDB164AF7904F55103F0DC /* SQLValue.swift in Sources */,
				A11CE0010000000000000001 /* MonitorRule.swift in Sources */,
				9EF7320BEF6D68E3AC9D6E8A /* SchemaAdmin.swift in Sources */,
				15B5AE3BEB9345052F9A5277 /* Statement.swift in Sources */,
				171847AE3C1A6AB9FDD7E2F2 /* SQLiteDriver.swift in Sources */,
				A0805BCDD6AC9AB9F755BD4B /* SQLiteDriver+Schema.swift in Sources */,
			);
			runOnlyForDeploymentPostprocessing = 0;
		};
		4893A081300E5732006E4110 /* Sources */ = {
			isa = PBXSourcesBuildPhase;
			buildActionMask = 2147483647;
			files = (
			);
			runOnlyForDeploymentPostprocessing = 0;
		};
		DBC0FFEE10000005 /* Sources */ = {
			isa = PBXSourcesBuildPhase;
			buildActionMask = 2147483647;
			files = (
			);
			runOnlyForDeploymentPostprocessing = 0;
		};
/* End PBXSourcesBuildPhase section */

/* Begin PBXTargetDependency section */
		DBC0FFEE1000000D /* PBXTargetDependency */ = {
			isa = PBXTargetDependency;
			target = DBC0FFEE10000007 /* DB Connect Widgets */;
			targetProxy = DBC0FFEE1000000C /* PBXContainerItemProxy */;
		};
/* End PBXTargetDependency section */

/* Begin XCBuildConfiguration section */
		4893A090300E5734006E4110 /* Debug */ = {
			isa = XCBuildConfiguration;
			buildSettings = {
				ALWAYS_SEARCH_USER_PATHS = NO;
				ASSETCATALOG_COMPILER_GENERATE_SWIFT_ASSET_SYMBOL_EXTENSIONS = YES;
				CLANG_ANALYZER_NONNULL = YES;
				CLANG_ANALYZER_NUMBER_OBJECT_CONVERSION = YES_AGGRESSIVE;
				CLANG_CXX_LANGUAGE_STANDARD = "gnu++20";
				CLANG_ENABLE_MODULES = YES;
				CLANG_ENABLE_OBJC_ARC = YES;
				CLANG_ENABLE_OBJC_WEAK = YES;
				CLANG_WARN_BLOCK_CAPTURE_AUTORELEASING = YES;
				CLANG_WARN_BOOL_CONVERSION = YES;
				CLANG_WARN_COMMA = YES;
				CLANG_WARN_CONSTANT_CONVERSION = YES;
				CLANG_WARN_DEPRECATED_OBJC_IMPLEMENTATIONS = YES;
				CLANG_WARN_DIRECT_OBJC_ISA_USAGE = YES_ERROR;
				CLANG_WARN_DOCUMENTATION_COMMENTS = YES;
				CLANG_WARN_EMPTY_BODY = YES;
				CLANG_WARN_ENUM_CONVERSION = YES;
				CLANG_WARN_INFINITE_RECURSION = YES;
				CLANG_WARN_INT_CONVERSION = YES;
				CLANG_WARN_NON_LITERAL_NULL_CONVERSION = YES;
				CLANG_WARN_OBJC_IMPLICIT_RETAIN_SELF = YES;
				CLANG_WARN_OBJC_LITERAL_CONVERSION = YES;
				CLANG_WARN_OBJC_ROOT_CLASS = YES_ERROR;
				CLANG_WARN_QUOTED_INCLUDE_IN_FRAMEWORK_HEADER = YES;
				CLANG_WARN_RANGE_LOOP_ANALYSIS = YES;
				CLANG_WARN_STRICT_PROTOTYPES = YES;
				CLANG_WARN_SUSPICIOUS_MOVE = YES;
				CLANG_WARN_UNGUARDED_AVAILABILITY = YES_AGGRESSIVE;
				CLANG_WARN_UNREACHABLE_CODE = YES;
				CLANG_WARN__DUPLICATE_METHOD_MATCH = YES;
				COPY_PHASE_STRIP = NO;
				DEBUG_INFORMATION_FORMAT = dwarf;
				DEVELOPMENT_TEAM = 46D3VYP253;
				ENABLE_STRICT_OBJC_MSGSEND = YES;
				ENABLE_TESTABILITY = YES;
				ENABLE_USER_SCRIPT_SANDBOXING = YES;
				GCC_C_LANGUAGE_STANDARD = gnu17;
				GCC_DYNAMIC_NO_PIC = NO;
				GCC_NO_COMMON_BLOCKS = YES;
				GCC_OPTIMIZATION_LEVEL = 0;
				GCC_PREPROCESSOR_DEFINITIONS = (
					"DEBUG=1",
					"$(inherited)",
				);
				GCC_WARN_64_TO_32_BIT_CONVERSION = YES;
				GCC_WARN_ABOUT_RETURN_TYPE = YES_ERROR;
				GCC_WARN_UNDECLARED_SELECTOR = YES;
				GCC_WARN_UNINITIALIZED_AUTOS = YES_AGGRESSIVE;
				GCC_WARN_UNUSED_FUNCTION = YES;
				GCC_WARN_UNUSED_VARIABLE = YES;
				LOCALIZATION_PREFERS_STRING_CATALOGS = YES;
				MACOSX_DEPLOYMENT_TARGET = 26.5;
				MTL_ENABLE_DEBUG_INFO = INCLUDE_SOURCE;
				MTL_FAST_MATH = YES;
				ONLY_ACTIVE_ARCH = YES;
				SDKROOT = macosx;
				SWIFT_ACTIVE_COMPILATION_CONDITIONS = "DEBUG $(inherited)";
				SWIFT_OPTIMIZATION_LEVEL = "-Onone";
			};
			name = Debug;
		};
		4893A091300E5734006E4110 /* Release */ = {
			isa = XCBuildConfiguration;
			buildSettings = {
				ALWAYS_SEARCH_USER_PATHS = NO;
				ASSETCATALOG_COMPILER_GENERATE_SWIFT_ASSET_SYMBOL_EXTENSIONS = YES;
				CLANG_ANALYZER_NONNULL = YES;
				CLANG_ANALYZER_NUMBER_OBJECT_CONVERSION = YES_AGGRESSIVE;
				CLANG_CXX_LANGUAGE_STANDARD = "gnu++20";
				CLANG_ENABLE_MODULES = YES;
				CLANG_ENABLE_OBJC_ARC = YES;
				CLANG_ENABLE_OBJC_WEAK = YES;
				CLANG_WARN_BLOCK_CAPTURE_AUTORELEASING = YES;
				CLANG_WARN_BOOL_CONVERSION = YES;
				CLANG_WARN_COMMA = YES;
				CLANG_WARN_CONSTANT_CONVERSION = YES;
				CLANG_WARN_DEPRECATED_OBJC_IMPLEMENTATIONS = YES;
				CLANG_WARN_DIRECT_OBJC_ISA_USAGE = YES_ERROR;
				CLANG_WARN_DOCUMENTATION_COMMENTS = YES;
				CLANG_WARN_EMPTY_BODY = YES;
				CLANG_WARN_ENUM_CONVERSION = YES;
				CLANG_WARN_INFINITE_RECURSION = YES;
				CLANG_WARN_INT_CONVERSION = YES;
				CLANG_WARN_NON_LITERAL_NULL_CONVERSION = YES;
				CLANG_WARN_OBJC_IMPLICIT_RETAIN_SELF = YES;
				CLANG_WARN_OBJC_LITERAL_CONVERSION = YES;
				CLANG_WARN_OBJC_ROOT_CLASS = YES_ERROR;
				CLANG_WARN_QUOTED_INCLUDE_IN_FRAMEWORK_HEADER = YES;
				CLANG_WARN_RANGE_LOOP_ANALYSIS = YES;
				CLANG_WARN_STRICT_PROTOTYPES = YES;
				CLANG_WARN_SUSPICIOUS_MOVE = YES;
				CLANG_WARN_UNGUARDED_AVAILABILITY = YES_AGGRESSIVE;
				CLANG_WARN_UNREACHABLE_CODE = YES;
				CLANG_WARN__DUPLICATE_METHOD_MATCH = YES;
				COPY_PHASE_STRIP = NO;
				DEBUG_INFORMATION_FORMAT = "dwarf-with-dsym";
				DEVELOPMENT_TEAM = 46D3VYP253;
				ENABLE_NS_ASSERTIONS = NO;
				ENABLE_STRICT_OBJC_MSGSEND = YES;
				ENABLE_USER_SCRIPT_SANDBOXING = YES;
				GCC_C_LANGUAGE_STANDARD = gnu17;
				GCC_NO_COMMON_BLOCKS = YES;
				GCC_WARN_64_TO_32_BIT_CONVERSION = YES;
				GCC_WARN_ABOUT_RETURN_TYPE = YES_ERROR;
				GCC_WARN_UNDECLARED_SELECTOR = YES;
				GCC_WARN_UNINITIALIZED_AUTOS = YES_AGGRESSIVE;
				GCC_WARN_UNUSED_FUNCTION = YES;
				GCC_WARN_UNUSED_VARIABLE = YES;
				LOCALIZATION_PREFERS_STRING_CATALOGS = YES;
				MACOSX_DEPLOYMENT_TARGET = 26.5;
				MTL_ENABLE_DEBUG_INFO = NO;
				MTL_FAST_MATH = YES;
				SDKROOT = macosx;
				SWIFT_COMPILATION_MODE = wholemodule;
			};
			name = Release;
		};
		4893A093300E5734006E4110 /* Debug */ = {
			isa = XCBuildConfiguration;
			buildSettings = {
				ASSETCATALOG_COMPILER_APPICON_NAME = AppIcon;
				ASSETCATALOG_COMPILER_GLOBAL_ACCENT_COLOR_NAME = AccentColor;
				CODE_SIGN_ENTITLEMENTS = "DB Connect/DB Connect.entitlements";
				CODE_SIGN_STYLE = Automatic;
				COMBINE_HIDPI_IMAGES = YES;
				CURRENT_PROJECT_VERSION = 3;
				DEVELOPMENT_TEAM = 46D3VYP253;
				ENABLE_APP_SANDBOX = YES;
				ENABLE_HARDENED_RUNTIME = YES;
				ENABLE_PREVIEWS = YES;
				ENABLE_USER_SELECTED_FILES = readwrite;
				GENERATE_INFOPLIST_FILE = YES;
				INFOPLIST_FILE = Info.plist;
				INFOPLIST_KEY_CFBundleDisplayName = "DB Connect";
				INFOPLIST_KEY_ITSAppUsesNonExemptEncryption = NO;
				INFOPLIST_KEY_LSApplicationCategoryType = "public.app-category.developer-tools";
				INFOPLIST_KEY_NSHumanReadableCopyright = "";
				INFOPLIST_KEY_UILaunchScreen_Generation = YES;
				INFOPLIST_KEY_UISupportedInterfaceOrientations_iPad = "UIInterfaceOrientationPortrait UIInterfaceOrientationPortraitUpsideDown UIInterfaceOrientationLandscapeLeft UIInterfaceOrientationLandscapeRight";
				INFOPLIST_KEY_UISupportedInterfaceOrientations_iPhone = "UIInterfaceOrientationPortrait UIInterfaceOrientationLandscapeLeft UIInterfaceOrientationLandscapeRight";
				IPHONEOS_DEPLOYMENT_TARGET = 26.0;
				LD_RUNPATH_SEARCH_PATHS = (
					"$(inherited)",
					"@executable_path/../Frameworks",
				);
				MACOSX_DEPLOYMENT_TARGET = 26.0;
				MARKETING_VERSION = 2026.2;
				PRODUCT_BUNDLE_IDENTIFIER = "de.holgerkrupp.DB-Connect";
				PRODUCT_NAME = "$(TARGET_NAME)";
				REGISTER_APP_GROUPS = YES;
				STRING_CATALOG_GENERATE_SYMBOLS = YES;
				SUPPORTED_PLATFORMS = "iphoneos iphonesimulator macosx";
				SUPPORTS_MACCATALYST = NO;
				SWIFT_APPROACHABLE_CONCURRENCY = YES;
				SWIFT_DEFAULT_ACTOR_ISOLATION = MainActor;
				SWIFT_EMIT_LOC_STRINGS = YES;
				SWIFT_UPCOMING_FEATURE_MEMBER_IMPORT_VISIBILITY = YES;
				SWIFT_VERSION = 6.0;
				TARGETED_DEVICE_FAMILY = "1,2";
			};
			name = Debug;
		};
		4893A094300E5734006E4110 /* Release */ = {
			isa = XCBuildConfiguration;
			buildSettings = {
				ASSETCATALOG_COMPILER_APPICON_NAME = AppIcon;
				ASSETCATALOG_COMPILER_GLOBAL_ACCENT_COLOR_NAME = AccentColor;
				CODE_SIGN_ENTITLEMENTS = "DB Connect/DB Connect.entitlements";
				CODE_SIGN_STYLE = Automatic;
				COMBINE_HIDPI_IMAGES = YES;
				CURRENT_PROJECT_VERSION = 3;
				DEVELOPMENT_TEAM = 46D3VYP253;
				ENABLE_APP_SANDBOX = YES;
				ENABLE_HARDENED_RUNTIME = YES;
				ENABLE_PREVIEWS = YES;
				ENABLE_USER_SELECTED_FILES = readwrite;
				GENERATE_INFOPLIST_FILE = YES;
				INFOPLIST_FILE = Info.plist;
				INFOPLIST_KEY_CFBundleDisplayName = "DB Connect";
				INFOPLIST_KEY_ITSAppUsesNonExemptEncryption = NO;
				INFOPLIST_KEY_LSApplicationCategoryType = "public.app-category.developer-tools";
				INFOPLIST_KEY_NSHumanReadableCopyright = "";
				INFOPLIST_KEY_UILaunchScreen_Generation = YES;
				INFOPLIST_KEY_UISupportedInterfaceOrientations_iPad = "UIInterfaceOrientationPortrait UIInterfaceOrientationPortraitUpsideDown UIInterfaceOrientationLandscapeLeft UIInterfaceOrientationLandscapeRight";
				INFOPLIST_KEY_UISupportedInterfaceOrientations_iPhone = "UIInterfaceOrientationPortrait UIInterfaceOrientationLandscapeLeft UIInterfaceOrientationLandscapeRight";
				IPHONEOS_DEPLOYMENT_TARGET = 26.0;
				LD_RUNPATH_SEARCH_PATHS = (
					"$(inherited)",
					"@executable_path/../Frameworks",
				);
				MACOSX_DEPLOYMENT_TARGET = 26.0;
				MARKETING_VERSION = 2026.2;
				PRODUCT_BUNDLE_IDENTIFIER = "de.holgerkrupp.DB-Connect";
				PRODUCT_NAME = "$(TARGET_NAME)";
				REGISTER_APP_GROUPS = YES;
				STRING_CATALOG_GENERATE_SYMBOLS = YES;
				SUPPORTED_PLATFORMS = "iphoneos iphonesimulator macosx";
				SUPPORTS_MACCATALYST = NO;
				SWIFT_APPROACHABLE_CONCURRENCY = YES;
				SWIFT_DEFAULT_ACTOR_ISOLATION = MainActor;
				SWIFT_EMIT_LOC_STRINGS = YES;
				SWIFT_UPCOMING_FEATURE_MEMBER_IMPORT_VISIBILITY = YES;
				SWIFT_VERSION = 6.0;
				TARGETED_DEVICE_FAMILY = "1,2";
			};
			name = Release;
		};
		B816912ED39C75FB28CCA462 /* Debug */ = {
			isa = XCBuildConfiguration;
			buildSettings = {
				ALWAYS_EMBED_SWIFT_STANDARD_LIBRARIES = NO;
				CODE_SIGNING_ALLOWED = NO;
				CODE_SIGNING_REQUIRED = NO;
				CODE_SIGN_IDENTITY = "";
				GENERATE_INFOPLIST_FILE = YES;
				LD_RUNPATH_SEARCH_PATHS = (
					"$(inherited)",
					"@executable_path/../Frameworks",
					"@loader_path/../Frameworks",
				);
				MACOSX_DEPLOYMENT_TARGET = 26.5;
				PRODUCT_BUNDLE_IDENTIFIER = "de.holgerkrupp.DB-ConnectTests";
				PRODUCT_NAME = "$(TARGET_NAME)";
				SDKROOT = macosx;
				SWIFT_VERSION = 6.0;
			};
			name = Debug;
		};
		D26E02D5FEAA20FD7677A149 /* Release */ = {
			isa = XCBuildConfiguration;
			buildSettings = {
				ALWAYS_EMBED_SWIFT_STANDARD_LIBRARIES = NO;
				CODE_SIGNING_ALLOWED = NO;
				CODE_SIGNING_REQUIRED = NO;
				CODE_SIGN_IDENTITY = "";
				GENERATE_INFOPLIST_FILE = YES;
				LD_RUNPATH_SEARCH_PATHS = (
					"$(inherited)",
					"@executable_path/../Frameworks",
					"@loader_path/../Frameworks",
				);
				MACOSX_DEPLOYMENT_TARGET = 26.5;
				PRODUCT_BUNDLE_IDENTIFIER = "de.holgerkrupp.DB-ConnectTests";
				PRODUCT_NAME = "$(TARGET_NAME)";
				SDKROOT = macosx;
				SWIFT_VERSION = 6.0;
			};
			name = Release;
		};
		DBC0FFEE10000008 /* Debug */ = {
			isa = XCBuildConfiguration;
			buildSettings = {
				APPLICATION_EXTENSION_API_ONLY = YES;
				AUTOMATION_APPLE_EVENTS = NO;
				CODE_SIGN_ENTITLEMENTS = "DB Connect Widgets/DB Connect Widgets.entitlements";
				CODE_SIGN_STYLE = Automatic;
				CURRENT_PROJECT_VERSION = 3;
				DEVELOPMENT_TEAM = 46D3VYP253;
				ENABLE_APP_SANDBOX = YES;
				ENABLE_HARDENED_RUNTIME = YES;
				ENABLE_INCOMING_NETWORK_CONNECTIONS = NO;
				ENABLE_OUTGOING_NETWORK_CONNECTIONS = YES;
				ENABLE_RESOURCE_ACCESS_AUDIO_INPUT = NO;
				ENABLE_RESOURCE_ACCESS_BLUETOOTH = NO;
				ENABLE_RESOURCE_ACCESS_CALENDARS = NO;
				ENABLE_RESOURCE_ACCESS_CAMERA = NO;
				ENABLE_RESOURCE_ACCESS_CONTACTS = NO;
				ENABLE_RESOURCE_ACCESS_LOCATION = NO;
				ENABLE_RESOURCE_ACCESS_PHOTO_LIBRARY = NO;
				ENABLE_RESOURCE_ACCESS_PRINTING = NO;
				ENABLE_RESOURCE_ACCESS_USB = NO;
				GENERATE_INFOPLIST_FILE = NO;
				INFOPLIST_FILE = "DB Connect Widgets/Info.plist";
				IPHONEOS_DEPLOYMENT_TARGET = 26.0;
				LD_RUNPATH_SEARCH_PATHS = (
					"$(inherited)",
					"@executable_path/Frameworks",
					"@executable_path/../../Frameworks",
				);
				MACOSX_DEPLOYMENT_TARGET = 26.5;
				MARKETING_VERSION = 2026.2;
				PRODUCT_BUNDLE_IDENTIFIER = "de.holgerkrupp.DB-Connect.Widgets";
				PRODUCT_NAME = "$(TARGET_NAME)";
				REGISTER_APP_GROUPS = YES;
				RUNTIME_EXCEPTION_ALLOW_DYLD_ENVIRONMENT_VARIABLES = NO;
				RUNTIME_EXCEPTION_ALLOW_JIT = NO;
				RUNTIME_EXCEPTION_ALLOW_UNSIGNED_EXECUTABLE_MEMORY = NO;
				RUNTIME_EXCEPTION_DEBUGGING_TOOL = NO;
				RUNTIME_EXCEPTION_DISABLE_EXECUTABLE_PAGE_PROTECTION = NO;
				RUNTIME_EXCEPTION_DISABLE_LIBRARY_VALIDATION = NO;
				SKIP_INSTALL = YES;
				SUPPORTED_PLATFORMS = "iphoneos iphonesimulator macosx";
				SUPPORTS_MACCATALYST = NO;
				SWIFT_APPROACHABLE_CONCURRENCY = YES;
				SWIFT_EMIT_LOC_STRINGS = YES;
				SWIFT_UPCOMING_FEATURE_MEMBER_IMPORT_VISIBILITY = YES;
				SWIFT_VERSION = 6.0;
				TARGETED_DEVICE_FAMILY = "1,2";
			};
			name = Debug;
		};
		DBC0FFEE10000009 /* Release */ = {
			isa = XCBuildConfiguration;
			buildSettings = {
				APPLICATION_EXTENSION_API_ONLY = YES;
				AUTOMATION_APPLE_EVENTS = NO;
				CODE_SIGN_ENTITLEMENTS = "DB Connect Widgets/DB Connect Widgets.entitlements";
				CODE_SIGN_STYLE = Automatic;
				CURRENT_PROJECT_VERSION = 3;
				DEVELOPMENT_TEAM = 46D3VYP253;
				ENABLE_APP_SANDBOX = YES;
				ENABLE_HARDENED_RUNTIME = YES;
				ENABLE_INCOMING_NETWORK_CONNECTIONS = NO;
				ENABLE_OUTGOING_NETWORK_CONNECTIONS = YES;
				ENABLE_RESOURCE_ACCESS_AUDIO_INPUT = NO;
				ENABLE_RESOURCE_ACCESS_BLUETOOTH = NO;
				ENABLE_RESOURCE_ACCESS_CALENDARS = NO;
				ENABLE_RESOURCE_ACCESS_CAMERA = NO;
				ENABLE_RESOURCE_ACCESS_CONTACTS = NO;
				ENABLE_RESOURCE_ACCESS_LOCATION = NO;
				ENABLE_RESOURCE_ACCESS_PHOTO_LIBRARY = NO;
				ENABLE_RESOURCE_ACCESS_PRINTING = NO;
				ENABLE_RESOURCE_ACCESS_USB = NO;
				GENERATE_INFOPLIST_FILE = NO;
				INFOPLIST_FILE = "DB Connect Widgets/Info.plist";
				IPHONEOS_DEPLOYMENT_TARGET = 26.0;
				LD_RUNPATH_SEARCH_PATHS = (
					"$(inherited)",
					"@executable_path/Frameworks",
					"@executable_path/../../Frameworks",
				);
				MACOSX_DEPLOYMENT_TARGET = 26.5;
				MARKETING_VERSION = 2026.2;
				PRODUCT_BUNDLE_IDENTIFIER = "de.holgerkrupp.DB-Connect.Widgets";
				PRODUCT_NAME = "$(TARGET_NAME)";
				REGISTER_APP_GROUPS = YES;
				RUNTIME_EXCEPTION_ALLOW_DYLD_ENVIRONMENT_VARIABLES = NO;
				RUNTIME_EXCEPTION_ALLOW_JIT = NO;
				RUNTIME_EXCEPTION_ALLOW_UNSIGNED_EXECUTABLE_MEMORY = NO;
				RUNTIME_EXCEPTION_DEBUGGING_TOOL = NO;
				RUNTIME_EXCEPTION_DISABLE_EXECUTABLE_PAGE_PROTECTION = NO;
				RUNTIME_EXCEPTION_DISABLE_LIBRARY_VALIDATION = NO;
				SKIP_INSTALL = YES;
				SUPPORTED_PLATFORMS = "iphoneos iphonesimulator macosx";
				SUPPORTS_MACCATALYST = NO;
				SWIFT_APPROACHABLE_CONCURRENCY = YES;
				SWIFT_EMIT_LOC_STRINGS = YES;
				SWIFT_UPCOMING_FEATURE_MEMBER_IMPORT_VISIBILITY = YES;
				SWIFT_VERSION = 6.0;
				TARGETED_DEVICE_FAMILY = "1,2";
			};
			name = Release;
		};
/* End XCBuildConfiguration section */

/* Begin XCConfigurationList section */
		4893A080300E5732006E4110 /* Build configuration list for PBXProject "DB Connect" */ = {
			isa = XCConfigurationList;
			buildConfigurations = (
				4893A090300E5734006E4110 /* Debug */,
				4893A091300E5734006E4110 /* Release */,
			);
			defaultConfigurationIsVisible = 0;
			defaultConfigurationName = Release;
		};
		4893A092300E5734006E4110 /* Build configuration list for PBXNativeTarget "DB Connect" */ = {
			isa = XCConfigurationList;
			buildConfigurations = (
				4893A093300E5734006E4110 /* Debug */,
				4893A094300E5734006E4110 /* Release */,
			);
			defaultConfigurationIsVisible = 0;
			defaultConfigurationName = Release;
		};
		881C4B83BC50A2A30C4918B5 /* Build configuration list for PBXNativeTarget "DB ConnectTests" */ = {
			isa = XCConfigurationList;
			buildConfigurations = (
				D26E02D5FEAA20FD7677A149 /* Release */,
				B816912ED39C75FB28CCA462 /* Debug */,
			);
			defaultConfigurationIsVisible = 0;
			defaultConfigurationName = Release;
		};
		DBC0FFEE1000000A /* Build configuration list for PBXNativeTarget "DB Connect Widgets" */ = {
			isa = XCConfigurationList;
			buildConfigurations = (
				DBC0FFEE10000008 /* Debug */,
				DBC0FFEE10000009 /* Release */,
			);
			defaultConfigurationIsVisible = 0;
			defaultConfigurationName = Release;
		};
/* End XCConfigurationList section */

/* Begin XCRemoteSwiftPackageReference section */
		DBC0FFEE00000002 /* XCRemoteSwiftPackageReference "postgres-nio" */ = {
			isa = XCRemoteSwiftPackageReference;
			repositoryURL = "https://github.com/vapor/postgres-nio.git";
			requirement = {
				kind = upToNextMajorVersion;
				minimumVersion = 1.21.0;
			};
		};
		DBC0FFEE00000005 /* XCRemoteSwiftPackageReference "CloudKitSyncMonitor" */ = {
			isa = XCRemoteSwiftPackageReference;
			repositoryURL = "https://github.com/holgerkrupp/CloudKitSyncMonitor";
			requirement = {
				branch = main;
				kind = branch;
			};
		};
		DBC0FFEE00000008 /* XCRemoteSwiftPackageReference "mysql-nio" */ = {
			isa = XCRemoteSwiftPackageReference;
			repositoryURL = "https://github.com/vapor/mysql-nio.git";
			requirement = {
				kind = upToNextMajorVersion;
				minimumVersion = 1.7.0;
			};
		};
/* End XCRemoteSwiftPackageReference section */

/* Begin XCSwiftPackageProductDependency section */
		DBC0FFEE00000003 /* PostgresNIO */ = {
			isa = XCSwiftPackageProductDependency;
			package = DBC0FFEE00000002 /* XCRemoteSwiftPackageReference "postgres-nio" */;
			productName = PostgresNIO;
		};
		DBC0FFEE00000006 /* CloudKitSyncMonitor */ = {
			isa = XCSwiftPackageProductDependency;
			package = DBC0FFEE00000005 /* XCRemoteSwiftPackageReference "CloudKitSyncMonitor" */;
			productName = CloudKitSyncMonitor;
		};
		DBC0FFEE00000009 /* MySQLNIO */ = {
			isa = XCSwiftPackageProductDependency;
			package = DBC0FFEE00000008 /* XCRemoteSwiftPackageReference "mysql-nio" */;
			productName = MySQLNIO;
		};
/* End XCSwiftPackageProductDependency section */
	};
	rootObject = 4893A07D300E5732006E4110 /* Project object */;
}
